
Microsoft Visual Studio Solution File, Format Version 12.00
# Visual Studio Version 16
VisualStudioVersion = 16.0.30128.74
MinimumVisualStudioVersion = 10.0.40219.1
Project("{8BC9CEB8-8B4A-11D0-8D11-00A0C91BC942}") = "Practice05_01_InlineFunction", "Practice05_01_InlineFunction\Practice05_01_InlineFunction.vcxproj", "{14E34E5A-BEC4-42A6-AEC9-4CDC5D332799}"
EndProject
Project("{8BC9CEB8-8B4A-11D0-8D11-00A0C91BC942}") = "Practice05_02_Reference", "Practice05_02_Reference\Practice05_02_Reference.vcxproj", "{2BF6F1D4-2382-48DA-B79B-A3FECCE3D823}"
EndProject
Project("{8BC9CEB8-8B4A-11D0-8D11-00A0C91BC942}") = "Practice05_03_ClassReference", "Practice05_03_ClassReference\Practice05_03_ClassReference.vcxproj", "{A5A0C59B-9554-44F5-8693-1C23BE640AFA}"
EndProject
Global
	GlobalSection(SolutionConfigurationPlatforms) = preSolution
		Debug|x64 = Debug|x64
		Debug|x86 = Debug|x86
		Release|x64 = Release|x64
		Release|x86 = Release|x86
	EndGlobalSection
	GlobalSection(ProjectConfigurationPlatforms) = postSolution
		{14E34E5A-BEC4-42A6-AEC9-4CDC5D332799}.Debug|x64.ActiveCfg = Debug|x64
		{14E34E5A-BEC4-42A6-AEC9-4CDC5D332799}.Debug|x64.Build.0 = Debug|x64
		{14E34E5A-BEC4-42A6-AEC9-4CDC5D332799}.Debug|x86.ActiveCfg = Debug|Win32
		{14E34E5A-BEC4-42A6-AEC9-4CDC5D332799}.Debug|x86.Build.0 = Debug|Win32
		{14E34E5A-BEC4-42A6-AEC9-4CDC5D332799}.Release|x64.ActiveCfg = Release|x64
		{14E34E5A-BEC4-42A6-AEC9-4CDC5D332799}.Release|x64.Build.0 = Release|x64
		{14E34E5A-BEC4-42A6-AEC9-4CDC5D332799}.Release|x86.ActiveCfg = Release|Win32
		{14E34E5A-BEC4-42A6-AEC9-4CDC5D332799}.Release|x86.Build.0 = Release|Win32
		{2BF6F1D4-2382-48DA-B79B-A3FECCE3D823}.Debug|x64.ActiveCfg = Debug|x64
		{2BF6F1D4-2382-48DA-B79B-A3FECCE3D823}.Debug|x64.Build.0 = Debug|x64
		{2BF6F1D4-2382-48DA-B79B-A3FECCE3D823}.Debug|x86.ActiveCfg = Debug|Win32
		{2BF6F1D4-2382-48DA-B79B-A3FECCE3D823}.Debug|x86.Build.0 = Debug|Win32
		{2BF6F1D4-2382-48DA-B79B-A3FECCE3D823}.Release|x64.ActiveCfg = Release|x64
		{2BF6F1D4-2382-48DA-B79B-A3FECCE3D823}.Release|x64.Build.0 = Release|x64
		{2BF6F1D4-2382-48DA-B79B-A3FECCE3D823}.Release|x86.ActiveCfg = Release|Win32
		{2BF6F1D4-2382-48DA-B79B-A3FECCE3D823}.Release|x86.Build.0 = Release|Win32
		{A5A0C59B-9554-44F5-8693-1C23BE640AFA}.Debug|x64.ActiveCfg = Debug|x64
		{A5A0C59B-9554-44F5-8693-1C23BE640AFA}.Debug|x64.Build.0 = Debug|x64
		{A5A0C59B-9554-44F5-8693-1C23BE640AFA}.Debug|x86.ActiveCfg = Debug|Win32
		{A5A0C59B-9554-44F5-8693-1C23BE640AFA}.Debug|x86.Build.0 = Debug|Win32
		{A5A0C59B-9554-44F5-8693-1C23BE640AFA}.Release|x64.ActiveCfg = Release|x64
		{A5A0C59B-9554-44F5-8693-1C23BE640AFA}.Release|x64.Build.0 = Release|x64
		{A5A0C59B-9554-44F5-8693-1C23BE640AFA}.Release|x86.ActiveCfg = Release|Win32
		{A5A0C59B-9554-44F5-8693-1C23BE640AFA}.Release|x86.Build.0 = Release|Win32
	EndGlobalSection
	GlobalSection(SolutionProperties) = preSolution
		HideSolutionNode = FALSE
	EndGlobalSection
	GlobalSection(ExtensibilityGlobals) = postSolution
		SolutionGuid = {59EDEAFC-4A51-4128-A7E8-7D54D74BCACD}
	EndGlobalSection
EndGlobal
